
Microsoft Visual Studio Solution File, Format Version 12.00
# Visual Studio 2012
Project("{FAE04EC0-301F-11D3-BF4B-00C04F79EFBC}") = "prog_dynamixel", "prog_dynamixel\prog_dynamixel.csproj", "{92C40633-42F6-4EDD-97CE-347DFB3A5107}"
EndProject
Global
	GlobalSection(SolutionConfigurationPlatforms) = preSolution
		Debug|Any CPU = Debug|Any CPU
		Release|Any CPU = Release|Any CPU
	EndGlobalSection
	GlobalSection(ProjectConfigurationPlatforms) = postSolution
		{92C40633-42F6-4EDD-97CE-347DFB3A5107}.Debug|Any CPU.ActiveCfg = Debug|Any CPU
		{92C40633-42F6-4EDD-97CE-347DFB3A5107}.Debug|Any CPU.Build.0 = Debug|Any CPU
		{92C40633-42F6-4EDD-97CE-347DFB3A5107}.Release|Any CPU.ActiveCfg = Release|Any CPU
		{92C40633-42F6-4EDD-97CE-347DFB3A5107}.Release|Any CPU.Build.0 = Release|Any CPU
	EndGlobalSection
	GlobalSection(SolutionProperties) = preSolution
		HideSolutionNode = FALSE
	EndGlobalSection
EndGlobal
